
Microsoft Visual Studio Solution File, Format Version 12.00
# Visual Studio Version 18
VisualStudioVersion = 18.0.11205.157
MinimumVisualStudioVersion = 10.0.40219.1
Project("{2150E333-8FDC-42A3-9474-1A3956D46DE8}") = "tests", "tests", "{36D591C7-65C7-A0D1-1CBC-10CDE441BDC8}"
EndProject
Project("{2150E333-8FDC-42A3-9474-1A3956D46DE8}") = "src", "src", "{9C3DD241-E48B-49D5-A58A-263F5D56429B}"
EndProject
Project("{2150E333-8FDC-42A3-9474-1A3956D46DE8}") = "services", "services", "{0AB4D7E3-8E6A-4E91-ABD7-E3EE943D71E0}"
EndProject
Project("{2150E333-8FDC-42A3-9474-1A3956D46DE8}") = "shared", "shared", "{960762E2-7A70-4461-AE90-7A9A2AB7D74D}"
EndProject
Project("{2150E333-8FDC-42A3-9474-1A3956D46DE8}") = "UserManagement", "UserManagement", "{BAD0E586-3282-4D8E-8283-31D0A21016C8}"
EndProject
Project("{FAE04EC0-301F-11D3-BF4B-00C04F79EFBC}") = "Nexus.UserManagement.Service.Domain", "src\services\UserManagement\Nexus.UserManagement.Service.Domain\Nexus.UserManagement.Service.Domain.csproj", "{5DFAF4DA-08F5-43C9-8C83-438D9D6AD903}"
EndProject
Project("{FAE04EC0-301F-11D3-BF4B-00C04F79EFBC}") = "Nexus.UserManagement.Service.Application", "src\services\UserManagement\Nexus.UserManagement.Service.Application\Nexus.UserManagement.Service.Application.csproj", "{BA5B94C0-F3D2-4414-8E2C-AF3219616E52}"
EndProject
Project("{FAE04EC0-301F-11D3-BF4B-00C04F79EFBC}") = "Nexus.UserManagement.Service.Infrastructure", "src\services\UserManagement\Nexus.UserManagement.Service.Infrastructure\Nexus.UserManagement.Service.Infrastructure.csproj", "{174F7F6E-7DC1-4504-AEBC-9B5F46A0E1B3}"
EndProject
Project("{2150E333-8FDC-42A3-9474-1A3956D46DE8}") = "core", "core", "{3899656A-A295-408E-9671-9FBA3160BF87}"
EndProject
Project("{FAE04EC0-301F-11D3-BF4B-00C04F79EFBC}") = "Shared.Kernel", "src\shared\core\Shared.Kernel\Shared.Kernel.csproj", "{FB55A3C5-56A2-4659-B556-EBAF9676AF21}"
EndProject
Project("{FAE04EC0-301F-11D3-BF4B-00C04F79EFBC}") = "Shared.Logging", "src\shared\core\Shared.Logging\Shared.Logging.csproj", "{BB56C15C-1F01-4B8A-9212-E8BBCD88FDF5}"
EndProject
Project("{FAE04EC0-301F-11D3-BF4B-00C04F79EFBC}") = "Nexus.UserManagement.Service.Application.Abstractions", "src\services\UserManagement\Nexus.UserManagement.Service.Application.Abstractions\Nexus.UserManagement.Service.Application.Abstractions.csproj", "{A14393FD-BEAC-4CDB-89FF-23BD6EEFAD88}"
EndProject
Project("{2150E333-8FDC-42A3-9474-1A3956D46DE8}") = "deployment", "deployment", "{CBB0903B-19F8-45FA-B024-3CCB86901BF2}"
	ProjectSection(SolutionItems) = preProject
		deployment\Authentication.Dockerfile = deployment\Authentication.Dockerfile
		deployment\docker-compose.yml = deployment\docker-compose.yml
		deployment\UserManagement.Dockerfile = deployment\UserManagement.Dockerfile
	EndProjectSection
EndProject
Project("{2150E333-8FDC-42A3-9474-1A3956D46DE8}") = "Authentication", "Authentication", "{170EF90C-1E6A-42EB-9B68-9A640724BDDE}"
EndProject
Project("{FAE04EC0-301F-11D3-BF4B-00C04F79EFBC}") = "Nexus.Authentication.Service.Api", "src\services\Authentication\Nexus.Authentication.Service.Api\Nexus.Authentication.Service.Api.csproj", "{30C909F8-E66D-409B-A8E0-382446DA4576}"
EndProject
Project("{FAE04EC0-301F-11D3-BF4B-00C04F79EFBC}") = "Shared.Contracts", "src\shared\Shared.Contracts\Shared.Contracts.csproj", "{09D1B56B-AB6E-4E2B-B174-245D445929DF}"
EndProject
Project("{2150E333-8FDC-42A3-9474-1A3956D46DE8}") = "security", "security", "{1E6FB5D1-3518-4A74-8ECC-04DBC5ACFBAF}"
EndProject
Project("{FAE04EC0-301F-11D3-BF4B-00C04F79EFBC}") = "Shared.Security", "src\shared\security\Shared.Security\Shared.Security.csproj", "{8A36D02D-2BC8-46E9-B09D-136E84CBCA9F}"
EndProject
Project("{FAE04EC0-301F-11D3-BF4B-00C04F79EFBC}") = "Nexus.Authentication.Service.Domain", "src\services\Authentication\Nexus.Authentication.Service.Domain\Nexus.Authentication.Service.Domain.csproj", "{F60A7F6A-043E-43D4-B855-70AB26707D9F}"
EndProject
Project("{FAE04EC0-301F-11D3-BF4B-00C04F79EFBC}") = "Nexus.Authentication.Service.Application", "src\services\Authentication\Nexus.Authentication.Service.Application\Nexus.Authentication.Service.Application.csproj", "{5E186849-F3B0-42DF-BE1D-21A629464B73}"
EndProject
Project("{FAE04EC0-301F-11D3-BF4B-00C04F79EFBC}") = "Nexus.Authentication.Service.Infrastructure", "src\services\Authentication\Nexus.Authentication.Service.Infrastructure\Nexus.Authentication.Service.Infrastructure.csproj", "{56527C3D-8338-4148-91EB-F05A96AE3B14}"
EndProject
Project("{2150E333-8FDC-42A3-9474-1A3956D46DE8}") = "apps", "apps", "{3C320343-C497-4E1D-8DDA-95DA2A82110B}"
EndProject
Project("{2150E333-8FDC-42A3-9474-1A3956D46DE8}") = "Identity", "Identity", "{0148E399-5CE0-4619-A60D-DD0CFAA74389}"
EndProject
Project("{FAE04EC0-301F-11D3-BF4B-00C04F79EFBC}") = "Nexus.Account.Web", "src\apps\Identity\Nexus.Account.Web\Nexus.Account.Web.csproj", "{EED67B9A-EE7E-4212-9057-74E958C0E994}"
EndProject
Project("{FAE04EC0-301F-11D3-BF4B-00C04F79EFBC}") = "Nexus.UserManagement.Service.Api", "src\services\UserManagement\Nexus.UserManagement.Service.Api\Nexus.UserManagement.Service.Api.csproj", "{ADA87C98-7E41-4B9F-9F8C-C818FE6BCE15}"
EndProject
Global
	GlobalSection(SolutionConfigurationPlatforms) = preSolution
		Debug|Any CPU = Debug|Any CPU
		Release|Any CPU = Release|Any CPU
	EndGlobalSection
	GlobalSection(ProjectConfigurationPlatforms) = postSolution
		{5DFAF4DA-08F5-43C9-8C83-438D9D6AD903}.Debug|Any CPU.ActiveCfg = Debug|Any CPU
		{5DFAF4DA-08F5-43C9-8C83-438D9D6AD903}.Debug|Any CPU.Build.0 = Debug|Any CPU
		{5DFAF4DA-08F5-43C9-8C83-438D9D6AD903}.Release|Any CPU.ActiveCfg = Release|Any CPU
		{5DFAF4DA-08F5-43C9-8C83-438D9D6AD903}.Release|Any CPU.Build.0 = Release|Any CPU
		{BA5B94C0-F3D2-4414-8E2C-AF3219616E52}.Debug|Any CPU.ActiveCfg = Debug|Any CPU
		{BA5B94C0-F3D2-4414-8E2C-AF3219616E52}.Debug|Any CPU.Build.0 = Debug|Any CPU
		{BA5B94C0-F3D2-4414-8E2C-AF3219616E52}.Release|Any CPU.ActiveCfg = Release|Any CPU
		{BA5B94C0-F3D2-4414-8E2C-AF3219616E52}.Release|Any CPU.Build.0 = Release|Any CPU
		{174F7F6E-7DC1-4504-AEBC-9B5F46A0E1B3}.Debug|Any CPU.ActiveCfg = Debug|Any CPU
		{174F7F6E-7DC1-4504-AEBC-9B5F46A0E1B3}.Debug|Any CPU.Build.0 = Debug|Any CPU
		{174F7F6E-7DC1-4504-AEBC-9B5F46A0E1B3}.Release|Any CPU.ActiveCfg = Release|Any CPU
		{174F7F6E-7DC1-4504-AEBC-9B5F46A0E1B3}.Release|Any CPU.Build.0 = Release|Any CPU
		{FB55A3C5-56A2-4659-B556-EBAF9676AF21}.Debug|Any CPU.ActiveCfg = Debug|Any CPU
		{FB55A3C5-56A2-4659-B556-EBAF9676AF21}.Debug|Any CPU.Build.0 = Debug|Any CPU
		{FB55A3C5-56A2-4659-B556-EBAF9676AF21}.Release|Any CPU.ActiveCfg = Release|Any CPU
		{FB55A3C5-56A2-4659-B556-EBAF9676AF21}.Release|Any CPU.Build.0 = Release|Any CPU
		{BB56C15C-1F01-4B8A-9212-E8BBCD88FDF5}.Debug|Any CPU.ActiveCfg = Debug|Any CPU
		{BB56C15C-1F01-4B8A-9212-E8BBCD88FDF5}.Debug|Any CPU.Build.0 = Debug|Any CPU
		{BB56C15C-1F01-4B8A-9212-E8BBCD88FDF5}.Release|Any CPU.ActiveCfg = Release|Any CPU
		{BB56C15C-1F01-4B8A-9212-E8BBCD88FDF5}.Release|Any CPU.Build.0 = Release|Any CPU
		{A14393FD-BEAC-4CDB-89FF-23BD6EEFAD88}.Debug|Any CPU.ActiveCfg = Debug|Any CPU
		{A14393FD-BEAC-4CDB-89FF-23BD6EEFAD88}.Debug|Any CPU.Build.0 = Debug|Any CPU
		{A14393FD-BEAC-4CDB-89FF-23BD6EEFAD88}.Release|Any CPU.ActiveCfg = Release|Any CPU
		{A14393FD-BEAC-4CDB-89FF-23BD6EEFAD88}.Release|Any CPU.Build.0 = Release|Any CPU
		{30C909F8-E66D-409B-A8E0-382446DA4576}.Debug|Any CPU.ActiveCfg = Debug|Any CPU
		{30C909F8-E66D-409B-A8E0-382446DA4576}.Debug|Any CPU.Build.0 = Debug|Any CPU
		{30C909F8-E66D-409B-A8E0-382446DA4576}.Release|Any CPU.ActiveCfg = Release|Any CPU
		{30C909F8-E66D-409B-A8E0-382446DA4576}.Release|Any CPU.Build.0 = Release|Any CPU
		{09D1B56B-AB6E-4E2B-B174-245D445929DF}.Debug|Any CPU.ActiveCfg = Debug|Any CPU
		{09D1B56B-AB6E-4E2B-B174-245D445929DF}.Debug|Any CPU.Build.0 = Debug|Any CPU
		{09D1B56B-AB6E-4E2B-B174-245D445929DF}.Release|Any CPU.ActiveCfg = Release|Any CPU
		{09D1B56B-AB6E-4E2B-B174-245D445929DF}.Release|Any CPU.Build.0 = Release|Any CPU
		{8A36D02D-2BC8-46E9-B09D-136E84CBCA9F}.Debug|Any CPU.ActiveCfg = Debug|Any CPU
		{8A36D02D-2BC8-46E9-B09D-136E84CBCA9F}.Debug|Any CPU.Build.0 = Debug|Any CPU
		{8A36D02D-2BC8-46E9-B09D-136E84CBCA9F}.Release|Any CPU.ActiveCfg = Release|Any CPU
		{8A36D02D-2BC8-46E9-B09D-136E84CBCA9F}.Release|Any CPU.Build.0 = Release|Any CPU
		{F60A7F6A-043E-43D4-B855-70AB26707D9F}.Debug|Any CPU.ActiveCfg = Debug|Any CPU
		{F60A7F6A-043E-43D4-B855-70AB26707D9F}.Debug|Any CPU.Build.0 = Debug|Any CPU
		{F60A7F6A-043E-43D4-B855-70AB26707D9F}.Release|Any CPU.ActiveCfg = Release|Any CPU
		{F60A7F6A-043E-43D4-B855-70AB26707D9F}.Release|Any CPU.Build.0 = Release|Any CPU
		{5E186849-F3B0-42DF-BE1D-21A629464B73}.Debug|Any CPU.ActiveCfg = Debug|Any CPU
		{5E186849-F3B0-42DF-BE1D-21A629464B73}.Debug|Any CPU.Build.0 = Debug|Any CPU
		{5E186849-F3B0-42DF-BE1D-21A629464B73}.Release|Any CPU.ActiveCfg = Release|Any CPU
		{5E186849-F3B0-42DF-BE1D-21A629464B73}.Release|Any CPU.Build.0 = Release|Any CPU
		{56527C3D-8338-4148-91EB-F05A96AE3B14}.Debug|Any CPU.ActiveCfg = Debug|Any CPU
		{56527C3D-8338-4148-91EB-F05A96AE3B14}.Debug|Any CPU.Build.0 = Debug|Any CPU
		{56527C3D-8338-4148-91EB-F05A96AE3B14}.Release|Any CPU.ActiveCfg = Release|Any CPU
		{56527C3D-8338-4148-91EB-F05A96AE3B14}.Release|Any CPU.Build.0 = Release|Any CPU
		{EED67B9A-EE7E-4212-9057-74E958C0E994}.Debug|Any CPU.ActiveCfg = Debug|Any CPU
		{EED67B9A-EE7E-4212-9057-74E958C0E994}.Debug|Any CPU.Build.0 = Debug|Any CPU
		{EED67B9A-EE7E-4212-9057-74E958C0E994}.Release|Any CPU.ActiveCfg = Release|Any CPU
		{EED67B9A-EE7E-4212-9057-74E958C0E994}.Release|Any CPU.Build.0 = Release|Any CPU
		{ADA87C98-7E41-4B9F-9F8C-C818FE6BCE15}.Debug|Any CPU.ActiveCfg = Debug|Any CPU
		{ADA87C98-7E41-4B9F-9F8C-C818FE6BCE15}.Debug|Any CPU.Build.0 = Debug|Any CPU
		{ADA87C98-7E41-4B9F-9F8C-C818FE6BCE15}.Release|Any CPU.ActiveCfg = Release|Any CPU
		{ADA87C98-7E41-4B9F-9F8C-C818FE6BCE15}.Release|Any CPU.Build.0 = Release|Any CPU
	EndGlobalSection
	GlobalSection(SolutionProperties) = preSolution
		HideSolutionNode = FALSE
	EndGlobalSection
	GlobalSection(NestedProjects) = preSolution
		{0AB4D7E3-8E6A-4E91-ABD7-E3EE943D71E0} = {9C3DD241-E48B-49D5-A58A-263F5D56429B}
		{960762E2-7A70-4461-AE90-7A9A2AB7D74D} = {9C3DD241-E48B-49D5-A58A-263F5D56429B}
		{BAD0E586-3282-4D8E-8283-31D0A21016C8} = {0AB4D7E3-8E6A-4E91-ABD7-E3EE943D71E0}
		{5DFAF4DA-08F5-43C9-8C83-438D9D6AD903} = {BAD0E586-3282-4D8E-8283-31D0A21016C8}
		{BA5B94C0-F3D2-4414-8E2C-AF3219616E52} = {BAD0E586-3282-4D8E-8283-31D0A21016C8}
		{174F7F6E-7DC1-4504-AEBC-9B5F46A0E1B3} = {BAD0E586-3282-4D8E-8283-31D0A21016C8}
		{3899656A-A295-408E-9671-9FBA3160BF87} = {960762E2-7A70-4461-AE90-7A9A2AB7D74D}
		{FB55A3C5-56A2-4659-B556-EBAF9676AF21} = {3899656A-A295-408E-9671-9FBA3160BF87}
		{BB56C15C-1F01-4B8A-9212-E8BBCD88FDF5} = {3899656A-A295-408E-9671-9FBA3160BF87}
		{A14393FD-BEAC-4CDB-89FF-23BD6EEFAD88} = {BAD0E586-3282-4D8E-8283-31D0A21016C8}
		{170EF90C-1E6A-42EB-9B68-9A640724BDDE} = {0AB4D7E3-8E6A-4E91-ABD7-E3EE943D71E0}
		{30C909F8-E66D-409B-A8E0-382446DA4576} = {170EF90C-1E6A-42EB-9B68-9A640724BDDE}
		{09D1B56B-AB6E-4E2B-B174-245D445929DF} = {960762E2-7A70-4461-AE90-7A9A2AB7D74D}
		{1E6FB5D1-3518-4A74-8ECC-04DBC5ACFBAF} = {960762E2-7A70-4461-AE90-7A9A2AB7D74D}
		{8A36D02D-2BC8-46E9-B09D-136E84CBCA9F} = {1E6FB5D1-3518-4A74-8ECC-04DBC5ACFBAF}
		{F60A7F6A-043E-43D4-B855-70AB26707D9F} = {170EF90C-1E6A-42EB-9B68-9A640724BDDE}
		{5E186849-F3B0-42DF-BE1D-21A629464B73} = {170EF90C-1E6A-42EB-9B68-9A640724BDDE}
		{56527C3D-8338-4148-91EB-F05A96AE3B14} = {170EF90C-1E6A-42EB-9B68-9A640724BDDE}
		{3C320343-C497-4E1D-8DDA-95DA2A82110B} = {9C3DD241-E48B-49D5-A58A-263F5D56429B}
		{0148E399-5CE0-4619-A60D-DD0CFAA74389} = {3C320343-C497-4E1D-8DDA-95DA2A82110B}
		{EED67B9A-EE7E-4212-9057-74E958C0E994} = {0148E399-5CE0-4619-A60D-DD0CFAA74389}
		{ADA87C98-7E41-4B9F-9F8C-C818FE6BCE15} = {BAD0E586-3282-4D8E-8283-31D0A21016C8}
	EndGlobalSection
	GlobalSection(ExtensibilityGlobals) = postSolution
		SolutionGuid = {F2C65A4D-0401-4F09-84BD-967F4424D40D}
	EndGlobalSection
EndGlobal
